// !$*UTF8*$!
{
	archiveVersion = 1;
	classes = {
	};
	objectVersion = 50;
	objects = {

/* Begin PBXBuildFile section */
		1841462823A215D20015C6F0 /* AppDelegate.swift in Sources */ = {isa = PBXBuildFile; fileRef = 1841462723A215D20015C6F0 /* AppDelegate.swift */; };
		1841462A23A215D20015C6F0 /* SceneDelegate.swift in Sources */ = {isa = PBXBuildFile; fileRef = 1841462923A215D20015C6F0 /* SceneDelegate.swift */; };
		1841462C23A215D20015C6F0 /* ViewController.swift in Sources */ = {isa = PBXBuildFile; fileRef = 1841462B23A215D20015C6F0 /* ViewController.swift */; };
		1841462F23A215D20015C6F0 /* Main.storyboard in Resources */ = {isa = PBXBuildFile; fileRef = 1841462D23A215D20015C6F0 /* Main.storyboard */; };
		1841463123A215D70015C6F0 /* Assets.xcassets in Resources */ = {isa = PBXBuildFile; fileRef = 1841463023A215D70015C6F0 /* Assets.xcassets */; };
		1841463423A215D70015C6F0 /* LaunchScreen.storyboard in Resources */ = {isa = PBXBuildFile; fileRef = 1841463223A215D70015C6F0 /* LaunchScreen.storyboard */; };
		1841463F23A215D70015C6F0 /* SpacePhotoTests.swift in Sources */ = {isa = PBXBuildFile; fileRef = 1841463E23A215D70015C6F0 /* SpacePhotoTests.swift */; };
		1841464A23A215D70015C6F0 /* SpacePhotoUITests.swift in Sources */ = {isa = PBXBuildFile; fileRef = 1841464923A215D70015C6F0 /* SpacePhotoUITests.swift */; };
/* End PBXBuildFile section */

/* Begin PBXContainerItemProxy section */
		1841463B23A215D70015C6F0 /* PBXContainerItemProxy */ = {
			isa = PBXContainerItemProxy;
			containerPortal = 1841461C23A215D20015C6F0 /* Project object */;
			proxyType = 1;
			remoteGlobalIDString = 1841462323A215D20015C6F0;
			remoteInfo = SpacePhoto;
		};
		1841464623A215D70015C6F0 /* PBXContainerItemProxy */ = {
			isa = PBXContainerItemProxy;
			containerPortal = 1841461C23A215D20015C6F0 /* Project object */;
			proxyType = 1;
			remoteGlobalIDString = 1841462323A215D20015C6F0;
			remoteInfo = SpacePhoto;
		};
/* End PBXContainerItemProxy section */

/* Begin PBXFileReference section */
		1841462423A215D20015C6F0 /* SpacePhoto.app */ = {isa = PBXFileReference; explicitFileType = wrapper.application; includeInIndex = 0; path = SpacePhoto.app; sourceTree = BUILT_PRODUCTS_DIR; };
		1841462723A215D20015C6F0 /* AppDelegate.swift */ = {isa = PBXFileReference; lastKnownFileType = sourcecode.swift; path = AppDelegate.swift; sourceTree = "<group>"; };
		1841462923A215D20015C6F0 /* SceneDelegate.swift */ = {isa = PBXFileReference; lastKnownFileType = sourcecode.swift; path = SceneDelegate.swift; sourceTree = "<group>"; };
		1841462B23A215D20015C6F0 /* ViewController.swift */ = {isa = PBXFileReference; lastKnownFileType = sourcecode.swift; path = ViewController.swift; sourceTree = "<group>"; };
		1841462E23A215D20015C6F0 /* Base */ = {isa = PBXFileReference; lastKnownFileType = file.storyboard; name = Base; path = Base.lproj/Main.storyboard; sourceTree = "<group>"; };
		1841463023A215D70015C6F0 /* Assets.xcassets */ = {isa = PBXFileReference; lastKnownFileType = folder.assetcatalog; path = Assets.xcassets; sourceTree = "<group>"; };
		1841463323A215D70015C6F0 /* Base */ = {isa = PBXFileReference; lastKnownFileType = file.storyboard; name = Base; path = Base.lproj/LaunchScreen.storyboard; sourceTree = "<group>"; };
		1841463523A215D70015C6F0 /* Info.plist */ = {isa = PBXFileReference; lastKnownFileType = text.plist.xml; path = Info.plist; sourceTree = "<group>"; };
		1841463A23A215D70015C6F0 /* SpacePhotoTests.xctest */ = {isa = PBXFileReference; explicitFileType = wrapper.cfbundle; includeInIndex = 0; path = SpacePhotoTests.xctest; sourceTree = BUILT_PRODUCTS_DIR; };
		1841463E23A215D70015C6F0 /* SpacePhotoTests.swift */ = {isa = PBXFileReference; lastKnownFileType = sourcecode.swift; path = SpacePhotoTests.swift; sourceTree = "<group>"; };
		1841464023A215D70015C6F0 /* Info.plist */ = {isa = PBXFileReference; lastKnownFileType = text.plist.xml; path = Info.plist; sourceTree = "<group>"; };
		1841464523A215D70015C6F0 /* SpacePhotoUITests.xctest */ = {isa = PBXFileReference; explicitFileType = wrapper.cfbundle; includeInIndex = 0; path = SpacePhotoUITests.xctest; sourceTree = BUILT_PRODUCTS_DIR; };
		1841464923A215D70015C6F0 /* SpacePhotoUITests.swift */ = {isa = PBXFileReference; lastKnownFileType = sourcecode.swift; path = SpacePhotoUITests.swift; sourceTree = "<group>"; };
		1841464B23A215D70015C6F0 /* Info.plist */ = {isa = PBXFileReference; lastKnownFileType = text.plist.xml; path = Info.plist; sourceTree = "<group>"; };
/* End PBXFileReference section */

/* Begin PBXFrameworksBuildPhase section */
		1841462123A215D20015C6F0 /* Frameworks */ = {
			isa = PBXFrameworksBuildPhase;
			buildActionMask = 2147483647;
			files = (
			);
			runOnlyForDeploymentPostprocessing = 0;
		};
		1841463723A215D70015C6F0 /* Frameworks */ = {
			isa = PBXFrameworksBuildPhase;
			buildActionMask = 2147483647;
			files = (
			);
			runOnlyForDeploymentPostprocessing = 0;
		};
		1841464223A215D70015C6F0 /* Frameworks */ = {
			isa = PBXFrameworksBuildPhase;
			buildActionMask = 2147483647;
			files = (
			);
			runOnlyForDeploymentPostprocessing = 0;
		};
/* End PBXFrameworksBuildPhase section */

/* Begin PBXGroup section */
		1841461B23A215D20015C6F0 = {
			isa = PBXGroup;
			children = (
				1841462623A215D20015C6F0 /* SpacePhoto */,
				1841463D23A215D70015C6F0 /* SpacePhotoTests */,
				1841464823A215D70015C6F0 /* SpacePhotoUITests */,
				1841462523A215D20015C6F0 /* Products */,
			);
			sourceTree = "<group>";
		};
		1841462523A215D20015C6F0 /* Products */ = {
			isa = PBXGroup;
			children = (
				1841462423A215D20015C6F0 /* SpacePhoto.app */,
				1841463A23A215D70015C6F0 /* SpacePhotoTests.xctest */,
				1841464523A215D70015C6F0 /* SpacePhotoUITests.xctest */,
			);
			name = Products;
			sourceTree = "<group>";
		};
		1841462623A215D20015C6F0 /* SpacePhoto */ = {
			isa = PBXGroup;
			children = (
				1841462723A215D20015C6F0 /* AppDelegate.swift */,
				1841462923A215D20015C6F0 /* SceneDelegate.swift */,
				1841462B23A215D20015C6F0 /* ViewController.swift */,
				1841462D23A215D20015C6F0 /* Main.storyboard */,
				1841463023A215D70015C6F0 /* Assets.xcassets */,
				1841463223A215D70015C6F0 /* LaunchScreen.storyboard */,
				1841463523A215D70015C6F0 /* Info.plist */,
			);
			path = SpacePhoto;
			sourceTree = "<group>";
		};
		1841463D23A215D70015C6F0 /* SpacePhotoTests */ = {
			isa = PBXGroup;
			children = (
				1841463E23A215D70015C6F0 /* SpacePhotoTests.swift */,
				1841464023A215D70015C6F0 /* Info.plist */,
			);
			path = SpacePhotoTests;
			sourceTree = "<group>";
		};
		1841464823A215D70015C6F0 /* SpacePhotoUITests */ = {
			isa = PBXGroup;
			children = (
				1841464923A215D70015C6F0 /* SpacePhotoUITests.swift */,
				1841464B23A215D70015C6F0 /* Info.plist */,
			);
			path = SpacePhotoUITests;
			sourceTree = "<group>";
		};
/* End PBXGroup section */

/* Begin PBXNativeTarget section */
		1841462323A215D20015C6F0 /* SpacePhoto */ = {
			isa = PBXNativeTarget;
			buildConfigurationList = 1841464E23A215D70015C6F0 /* Build configuration list for PBXNativeTarget "SpacePhoto" */;
			buildPhases = (
				1841462023A215D20015C6F0 /* Sources */,
				1841462123A215D20015C6F0 /* Frameworks */,
				1841462223A215D20015C6F0 /* Resources */,
			);
			buildRules = (
			);
			dependencies = (
			);
			name = SpacePhoto;
			productName = SpacePhoto;
			productReference = 1841462423A215D20015C6F0 /* SpacePhoto.app */;
			productType = "com.apple.product-type.application";
		};
		1841463923A215D70015C6F0 /* SpacePhotoTests */ = {
			isa = PBXNativeTarget;
			buildConfigurationList = 1841465123A215D70015C6F0 /* Build configuration list for PBXNativeTarget "SpacePhotoTests" */;
			buildPhases = (
				1841463623A215D70015C6F0 /* Sources */,
				1841463723A215D70015C6F0 /* Frameworks */,
				1841463823A215D70015C6F0 /* Resources */,
			);
			buildRules = (
			);
			dependencies = (
				1841463C23A215D70015C6F0 /* PBXTargetDependency */,
			);
			name = SpacePhotoTests;
			productName = SpacePhotoTests;
			productReference = 1841463A23A215D70015C6F0 /* SpacePhotoTests.xctest */;
			productType = "com.apple.product-type.bundle.unit-test";
		};
		1841464423A215D70015C6F0 /* SpacePhotoUITests */ = {
			isa = PBXNativeTarget;
			buildConfigurationList = 1841465423A215D70015C6F0 /* Build configuration list for PBXNativeTarget "SpacePhotoUITests" */;
			buildPhases = (
				1841464123A215D70015C6F0 /* Sources */,
				1841464223A215D70015C6F0 /* Frameworks */,
				1841464323A215D70015C6F0 /* Resources */,
			);
			buildRules = (
			);
			dependencies = (
				1841464723A215D70015C6F0 /* PBXTargetDependency */,
			);
			name = SpacePhotoUITests;
			productName = SpacePhotoUITests;
			productReference = 1841464523A215D70015C6F0 /* SpacePhotoUITests.xctest */;
			productType = "com.apple.product-type.bundle.ui-testing";
		};
/* End PBXNativeTarget section */

/* Begin PBXProject section */
		1841461C23A215D20015C6F0 /* Project object */ = {
			isa = PBXProject;
			attributes = {
				LastSwiftUpdateCheck = 1130;
				LastUpgradeCheck = 1130;
				ORGANIZATIONNAME = "HEETAE YANG";
				TargetAttributes = {
					1841462323A215D20015C6F0 = {
						CreatedOnToolsVersion = 11.3;
					};
					1841463923A215D70015C6F0 = {
						CreatedOnToolsVersion = 11.3;
						TestTargetID = 1841462323A215D20015C6F0;
					};
					1841464423A215D70015C6F0 = {
						CreatedOnToolsVersion = 11.3;
						TestTargetID = 1841462323A215D20015C6F0;
					};
				};
			};
			buildConfigurationList = 1841461F23A215D20015C6F0 /* Build configuration list for PBXProject "SpacePhoto" */;
			compatibilityVersion = "Xcode 9.3";
			developmentRegion = en;
			hasScannedForEncodings = 0;
			knownRegions = (
				en,
				Base,
			);
			mainGroup = 1841461B23A215D20015C6F0;
			productRefGroup = 1841462523A215D20015C6F0 /* Products */;
			projectDirPath = "";
			projectRoot = "";
			targets = (
				1841462323A215D20015C6F0 /* SpacePhoto */,
				1841463923A215D70015C6F0 /* SpacePhotoTests */,
				1841464423A215D70015C6F0 /* SpacePhotoUITests */,
			);
		};
/* End PBXProject section */

/* Begin PBXResourcesBuildPhase section */
		1841462223A215D20015C6F0 /* Resources */ = {
			isa = PBXResourcesBuildPhase;
			buildActionMask = 2147483647;
			files = (
				1841463423A215D70015C6F0 /* LaunchScreen.storyboard in Resources */,
				1841463123A215D70015C6F0 /* Assets.xcassets in Resources */,
				1841462F23A215D20015C6F0 /* Main.storyboard in Resources */,
			);
			runOnlyForDeploymentPostprocessing = 0;
		};
		1841463823A215D70015C6F0 /* Resources */ = {
			isa = PBXResourcesBuildPhase;
			buildActionMask = 2147483647;
			files = (
			);
			runOnlyForDeploymentPostprocessing = 0;
		};
		1841464323A215D70015C6F0 /* Resources */ = {
			isa = PBXResourcesBuildPhase;
			buildActionMask = 2147483647;
			files = (
			);
			runOnlyForDeploymentPostprocessing = 0;
		};
/* End PBXResourcesBuildPhase section */

/* Begin PBXSourcesBuildPhase section */
		1841462023A215D20015C6F0 /* Sources */ = {
			isa = PBXSourcesBuildPhase;
			buildActionMask = 2147483647;
			files = (
				1841462C23A215D20015C6F0 /* ViewController.swift in Sources */,
				1841462823A215D20015C6F0 /* AppDelegate.swift in Sources */,
				1841462A23A215D20015C6F0 /* SceneDelegate.swift in Sources */,
			);
			runOnlyForDeploymentPostprocessing = 0;
		};
		1841463623A215D70015C6F0 /* Sources */ = {
			isa = PBXSourcesBuildPhase;
			buildActionMask = 2147483647;
			files = (
				1841463F23A215D70015C6F0 /* SpacePhotoTests.swift in Sources */,
			);
			runOnlyForDeploymentPostprocessing = 0;
		};
		1841464123A215D70015C6F0 /* Sources */ = {
			isa = PBXSourcesBuildPhase;
			buildActionMask = 2147483647;
			files = (
				1841464A23A215D70015C6F0 /* SpacePhotoUITests.swift in Sources */,
			);
			runOnlyForDeploymentPostprocessing = 0;
		};
/* End PBXSourcesBuildPhase section */

/* Begin PBXTargetDependency section */
		1841463C23A215D70015C6F0 /* PBXTargetDependency */ = {
			isa = PBXTargetDependency;
			target = 1841462323A215D20015C6F0 /* SpacePhoto */;
			targetProxy = 1841463B23A215D70015C6F0 /* PBXContainerItemProxy */;
		};
		1841464723A215D70015C6F0 /* PBXTargetDependency */ = {
			isa = PBXTargetDependency;
			target = 1841462323A215D20015C6F0 /* SpacePhoto */;
			targetProxy = 1841464623A215D70015C6F0 /* PBXContainerItemProxy */;
		};
/* End PBXTargetDependency section */

/* Begin PBXVariantGroup section */
		1841462D23A215D20015C6F0 /* Main.storyboard */ = {
			isa = PBXVariantGroup;
			children = (
				1841462E23A215D20015C6F0 /* Base */,
			);
			name = Main.storyboard;
			sourceTree = "<group>";
		};
		1841463223A215D70015C6F0 /* LaunchScreen.storyboard */ = {
			isa = PBXVariantGroup;
			children = (
				1841463323A215D70015C6F0 /* Base */,
			);
			name = LaunchScreen.storyboard;
			sourceTree = "<group>";
		};
/* End PBXVariantGroup section */

/* Begin XCBuildConfiguration section */
		1841464C23A215D70015C6F0 /* Debug */ = {
			isa = XCBuildConfiguration;
			buildSettings = {
				ALWAYS_SEARCH_USER_PATHS = NO;
				CLANG_ANALYZER_NONNULL = YES;
				CLANG_ANALYZER_NUMBER_OBJECT_CONVERSION = YES_AGGRESSIVE;
				CLANG_CXX_LANGUAGE_STANDARD = "gnu++14";
				CLANG_CXX_LIBRARY = "libc++";
				CLANG_ENABLE_MODULES = YES;
				CLANG_ENABLE_OBJC_ARC = YES;
				CLANG_ENABLE_OBJC_WEAK = YES;
				CLANG_WARN_BLOCK_CAPTURE_AUTORELEASING = YES;
				CLANG_WARN_BOOL_CONVERSION = YES;
				CLANG_WARN_COMMA = YES;
				CLANG_WARN_CONSTANT_CONVERSION = YES;
				CLANG_WARN_DEPRECATED_OBJC_IMPLEMENTATIONS = YES;
				CLANG_WARN_DIRECT_OBJC_ISA_USAGE = YES_ERROR;
				CLANG_WARN_DOCUMENTATION_COMMENTS = YES;
				CLANG_WARN_EMPTY_BODY = YES;
				CLANG_WARN_ENUM_CONVERSION = YES;
				CLANG_WARN_INFINITE_RECURSION = YES;
				CLANG_WARN_INT_CONVERSION = YES;
				CLANG_WARN_NON_LITERAL_NULL_CONVERSION = YES;
				CLANG_WARN_OBJC_IMPLICIT_RETAIN_SELF = YES;
				CLANG_WARN_OBJC_LITERAL_CONVERSION = YES;
				CLANG_WARN_OBJC_ROOT_CLASS = YES_ERROR;
				CLANG_WARN_RANGE_LOOP_ANALYSIS = YES;
				CLANG_WARN_STRICT_PROTOTYPES = YES;
				CLANG_WARN_SUSPICIOUS_MOVE = YES;
				CLANG_WARN_UNGUARDED_AVAILABILITY = YES_AGGRESSIVE;
				CLANG_WARN_UNREACHABLE_CODE = YES;
				CLANG_WARN__DUPLICATE_METHOD_MATCH = YES;
				COPY_PHASE_STRIP = NO;
				DEBUG_INFORMATION_FORMAT = dwarf;
				ENABLE_STRICT_OBJC_MSGSEND = YES;
				ENABLE_TESTABILITY = YES;
				GCC_C_LANGUAGE_STANDARD = gnu11;
				GCC_DYNAMIC_NO_PIC = NO;
				GCC_NO_COMMON_BLOCKS = YES;
				GCC_OPTIMIZATION_LEVEL = 0;
				GCC_PREPROCESSOR_DEFINITIONS = (
					"DEBUG=1",
					"$(inherited)",
				);
				GCC_WARN_64_TO_32_BIT_CONVERSION = YES;
				GCC_WARN_ABOUT_RETURN_TYPE = YES_ERROR;
				GCC_WARN_UNDECLARED_SELECTOR = YES;
				GCC_WARN_UNINITIALIZED_AUTOS = YES_AGGRESSIVE;
				GCC_WARN_UNUSED_FUNCTION = YES;
				GCC_WARN_UNUSED_VARIABLE = YES;
				IPHONEOS_DEPLOYMENT_TARGET = 13.2;
				MTL_ENABLE_DEBUG_INFO = INCLUDE_SOURCE;
				MTL_FAST_MATH = YES;
				ONLY_ACTIVE_ARCH = YES;
				SDKROOT = iphoneos;
				SWIFT_ACTIVE_COMPILATION_CONDITIONS = DEBUG;
				SWIFT_OPTIMIZATION_LEVEL = "-Onone";
			};
			name = Debug;
		};
		1841464D23A215D70015C6F0 /* Release */ = {
			isa = XCBuildConfiguration;
			buildSettings = {
				ALWAYS_SEARCH_USER_PATHS = NO;
				CLANG_ANALYZER_NONNULL = YES;
				CLANG_ANALYZER_NUMBER_OBJECT_CONVERSION = YES_AGGRESSIVE;
				CLANG_CXX_LANGUAGE_STANDARD = "gnu++14";
				CLANG_CXX_LIBRARY = "libc++";
				CLANG_ENABLE_MODULES = YES;
				CLANG_ENABLE_OBJC_ARC = YES;
				CLANG_ENABLE_OBJC_WEAK = YES;
				CLANG_WARN_BLOCK_CAPTURE_AUTORELEASING = YES;
				CLANG_WARN_BOOL_CONVERSION = YES;
				CLANG_WARN_COMMA = YES;
				CLANG_WARN_CONSTANT_CONVERSION = YES;
				CLANG_WARN_DEPRECATED_OBJC_IMPLEMENTATIONS = YES;
				CLANG_WARN_DIRECT_OBJC_ISA_USAGE = YES_ERROR;
				CLANG_WARN_DOCUMENTATION_COMMENTS = YES;
				CLANG_WARN_EMPTY_BODY = YES;
				CLANG_WARN_ENUM_CONVERSION = YES;
				CLANG_WARN_INFINITE_RECURSION = YES;
				CLANG_WARN_INT_CONVERSION = YES;
				CLANG_WARN_NON_LITERAL_NULL_CONVERSION = YES;
				CLANG_WARN_OBJC_IMPLICIT_RETAIN_SELF = YES;
				CLANG_WARN_OBJC_LITERAL_CONVERSION = YES;
				CLANG_WARN_OBJC_ROOT_CLASS = YES_ERROR;
				CLANG_WARN_RANGE_LOOP_ANALYSIS = YES;
				CLANG_WARN_STRICT_PROTOTYPES = YES;
				CLANG_WARN_SUSPICIOUS_MOVE = YES;
				CLANG_WARN_UNGUARDED_AVAILABILITY = YES_AGGRESSIVE;
				CLANG_WARN_UNREACHABLE_CODE = YES;
				CLANG_WARN__DUPLICATE_METHOD_MATCH = YES;
				COPY_PHASE_STRIP = NO;
				DEBUG_INFORMATION_FORMAT = "dwarf-with-dsym";
				ENABLE_NS_ASSERTIONS = NO;
				ENABLE_STRICT_OBJC_MSGSEND = YES;
				GCC_C_LANGUAGE_STANDARD = gnu11;
				GCC_NO_COMMON_BLOCKS = YES;
				GCC_WARN_64_TO_32_BIT_CONVERSION = YES;
				GCC_WARN_ABOUT_RETURN_TYPE = YES_ERROR;
				GCC_WARN_UNDECLARED_SELECTOR = YES;
				GCC_WARN_UNINITIALIZED_AUTOS = YES_AGGRESSIVE;
				GCC_WARN_UNUSED_FUNCTION = YES;
				GCC_WARN_UNUSED_VARIABLE = YES;
				IPHONEOS_DEPLOYMENT_TARGET = 13.2;
				MTL_ENABLE_DEBUG_INFO = NO;
				MTL_FAST_MATH = YES;
				SDKROOT = iphoneos;
				SWIFT_COMPILATION_MODE = wholemodule;
				SWIFT_OPTIMIZATION_LEVEL = "-O";
				VALIDATE_PRODUCT = YES;
			};
			name = Release;
		};
		1841464F23A215D70015C6F0 /* Debug */ = {
			isa = XCBuildConfiguration;
			buildSettings = {
				ASSETCATALOG_COMPILER_APPICON_NAME = AppIcon;
				CODE_SIGN_STYLE = Automatic;
				INFOPLIST_FILE = SpacePhoto/Info.plist;
				LD_RUNPATH_SEARCH_PATHS = (
					"$(inherited)",
					"@executable_path/Frameworks",
				);
				PRODUCT_BUNDLE_IDENTIFIER = org.techtown.SpacePhoto;
				PRODUCT_NAME = "$(TARGET_NAME)";
				SWIFT_VERSION = 5.0;
				TARGETED_DEVICE_FAMILY = "1,2";
			};
			name = Debug;
		};
		1841465023A215D70015C6F0 /* Release */ = {
			isa = XCBuildConfiguration;
			buildSettings = {
				ASSETCATALOG_COMPILER_APPICON_NAME = AppIcon;
				CODE_SIGN_STYLE = Automatic;
				INFOPLIST_FILE = SpacePhoto/Info.plist;
				LD_RUNPATH_SEARCH_PATHS = (
					"$(inherited)",
					"@executable_path/Frameworks",
				);
				PRODUCT_BUNDLE_IDENTIFIER = org.techtown.SpacePhoto;
				PRODUCT_NAME = "$(TARGET_NAME)";
				SWIFT_VERSION = 5.0;
				TARGETED_DEVICE_FAMILY = "1,2";
			};
			name = Release;
		};
		1841465223A215D70015C6F0 /* Debug */ = {
			isa = XCBuildConfiguration;
			buildSettings = {
				ALWAYS_EMBED_SWIFT_STANDARD_LIBRARIES = YES;
				BUNDLE_LOADER = "$(TEST_HOST)";
				CODE_SIGN_STYLE = Automatic;
				INFOPLIST_FILE = SpacePhotoTests/Info.plist;
				IPHONEOS_DEPLOYMENT_TARGET = 13.2;
				LD_RUNPATH_SEARCH_PATHS = (
					"$(inherited)",
					"@executable_path/Frameworks",
					"@loader_path/Frameworks",
				);
				PRODUCT_BUNDLE_IDENTIFIER = org.techtown.SpacePhotoTests;
				PRODUCT_NAME = "$(TARGET_NAME)";
				SWIFT_VERSION = 5.0;
				TARGETED_DEVICE_FAMILY = "1,2";
				TEST_HOST = "$(BUILT_PRODUCTS_DIR)/SpacePhoto.app/SpacePhoto";
			};
			name = Debug;
		};
		1841465323A215D70015C6F0 /* Release */ = {
			isa = XCBuildConfiguration;
			buildSettings = {
				ALWAYS_EMBED_SWIFT_STANDARD_LIBRARIES = YES;
				BUNDLE_LOADER = "$(TEST_HOST)";
				CODE_SIGN_STYLE = Automatic;
				INFOPLIST_FILE = SpacePhotoTests/Info.plist;
				IPHONEOS_DEPLOYMENT_TARGET = 13.2;
				LD_RUNPATH_SEARCH_PATHS = (
					"$(inherited)",
					"@executable_path/Frameworks",
					"@loader_path/Frameworks",
				);
				PRODUCT_BUNDLE_IDENTIFIER = org.techtown.SpacePhotoTests;
				PRODUCT_NAME = "$(TARGET_NAME)";
				SWIFT_VERSION = 5.0;
				TARGETED_DEVICE_FAMILY = "1,2";
				TEST_HOST = "$(BUILT_PRODUCTS_DIR)/SpacePhoto.app/SpacePhoto";
			};
			name = Release;
		};
		1841465523A215D70015C6F0 /* Debug */ = {
			isa = XCBuildConfiguration;
			buildSettings = {
				ALWAYS_EMBED_SWIFT_STANDARD_LIBRARIES = YES;
				CODE_SIGN_STYLE = Automatic;
				INFOPLIST_FILE = SpacePhotoUITests/Info.plist;
				LD_RUNPATH_SEARCH_PATHS = (
					"$(inherited)",
					"@executable_path/Frameworks",
					"@loader_path/Frameworks",
				);
				PRODUCT_BUNDLE_IDENTIFIER = org.techtown.SpacePhotoUITests;
				PRODUCT_NAME = "$(TARGET_NAME)";
				SWIFT_VERSION = 5.0;
				TARGETED_DEVICE_FAMILY = "1,2";
				TEST_TARGET_NAME = SpacePhoto;
			};
			name = Debug;
		};
		1841465623A215D70015C6F0 /* Release */ = {
			isa = XCBuildConfiguration;
			buildSettings = {
				ALWAYS_EMBED_SWIFT_STANDARD_LIBRARIES = YES;
				CODE_SIGN_STYLE = Automatic;
				INFOPLIST_FILE = SpacePhotoUITests/Info.plist;
				LD_RUNPATH_SEARCH_PATHS = (
					"$(inherited)",
					"@executable_path/Frameworks",
					"@loader_path/Frameworks",
				);
				PRODUCT_BUNDLE_IDENTIFIER = org.techtown.SpacePhotoUITests;
				PRODUCT_NAME = "$(TARGET_NAME)";
				SWIFT_VERSION = 5.0;
				TARGETED_DEVICE_FAMILY = "1,2";
				TEST_TARGET_NAME = SpacePhoto;
			};
			name = Release;
		};
/* End XCBuildConfiguration section */

/* Begin XCConfigurationList section */
		1841461F23A215D20015C6F0 /* Build configuration list for PBXProject "SpacePhoto" */ = {
			isa = XCConfigurationList;
			buildConfigurations = (
				1841464C23A215D70015C6F0 /* Debug */,
				1841464D23A215D70015C6F0 /* Release */,
			);
			defaultConfigurationIsVisible = 0;
			defaultConfigurationName = Release;
		};
		1841464E23A215D70015C6F0 /* Build configuration list for PBXNativeTarget "SpacePhoto" */ = {
			isa = XCConfigurationList;
			buildConfigurations = (
				1841464F23A215D70015C6F0 /* Debug */,
				1841465023A215D70015C6F0 /* Release */,
			);
			defaultConfigurationIsVisible = 0;
			defaultConfigurationName = Release;
		};
		1841465123A215D70015C6F0 /* Build configuration list for PBXNativeTarget "SpacePhotoTests" */ = {
			isa = XCConfigurationList;
			buildConfigurations = (
				1841465223A215D70015C6F0 /* Debug */,
				1841465323A215D70015C6F0 /* Release */,
			);
			defaultConfigurationIsVisible = 0;
			defaultConfigurationName = Release;
		};
		1841465423A215D70015C6F0 /* Build configuration list for PBXNativeTarget "SpacePhotoUITests" */ = {
			isa = XCConfigurationList;
			buildConfigurations = (
				1841465523A215D70015C6F0 /* Debug */,
				1841465623A215D70015C6F0 /* Release */,
			);
			defaultConfigurationIsVisible = 0;
			defaultConfigurationName = Release;
		};
/* End XCConfigurationList section */
	};
	rootObject = 1841461C23A215D20015C6F0 /* Project object */;
}
